
Microsoft Visual Studio Solution File, Format Version 12.00
# Visual Studio Version 17
VisualStudioVersion = 17.13.35931.197 d17.13
MinimumVisualStudioVersion = 10.0.40219.1
Project("{FAE04EC0-301F-11D3-BF4B-00C04F79EFBC}") = "AddSPKey", "AddSPKey\AddSPKey.csproj", "{99BBEB04-6C2D-46F2-AE64-D3936C952F84}"
EndProject
Project("{FAE04EC0-301F-11D3-BF4B-00C04F79EFBC}") = "GetPopToken", "GetPopToken\GetPopToken.csproj", "{FAB14CC0-1A54-4074-ADAC-89C031EE8005}"
EndProject
Global
	GlobalSection(SolutionConfigurationPlatforms) = preSolution
		Debug|Any CPU = Debug|Any CPU
		Release|Any CPU = Release|Any CPU
	EndGlobalSection
	GlobalSection(ProjectConfigurationPlatforms) = postSolution
		{99BBEB04-6C2D-46F2-AE64-D3936C952F84}.Debug|Any CPU.ActiveCfg = Debug|Any CPU
		{99BBEB04-6C2D-46F2-AE64-D3936C952F84}.Debug|Any CPU.Build.0 = Debug|Any CPU
		{99BBEB04-6C2D-46F2-AE64-D3936C952F84}.Release|Any CPU.ActiveCfg = Release|Any CPU
		{99BBEB04-6C2D-46F2-AE64-D3936C952F84}.Release|Any CPU.Build.0 = Release|Any CPU
		{FAB14CC0-1A54-4074-ADAC-89C031EE8005}.Debug|Any CPU.ActiveCfg = Debug|Any CPU
		{FAB14CC0-1A54-4074-ADAC-89C031EE8005}.Debug|Any CPU.Build.0 = Debug|Any CPU
		{FAB14CC0-1A54-4074-ADAC-89C031EE8005}.Release|Any CPU.ActiveCfg = Release|Any CPU
		{FAB14CC0-1A54-4074-ADAC-89C031EE8005}.Release|Any CPU.Build.0 = Release|Any CPU
	EndGlobalSection
	GlobalSection(SolutionProperties) = preSolution
		HideSolutionNode = FALSE
	EndGlobalSection
	GlobalSection(ExtensibilityGlobals) = postSolution
		SolutionGuid = {192915D1-18F2-4165-97AA-CA25A68B3591}
	EndGlobalSection
EndGlobal
